
Microsoft Visual Studio Solution File, Format Version 12.00
# Visual Studio Version 16
VisualStudioVersion = 16.0.29806.167
MinimumVisualStudioVersion = 10.0.40219.1
Project("{FAE04EC0-301F-11D3-BF4B-00C04F79EFBC}") = "AulaX1.UWP", "AulaX1\AulaX1.UWP\AulaX1.UWP.csproj", "{DCBB42D5-A6B3-414E-8383-F803C6AB4FB6}"
EndProject
Project("{FAE04EC0-301F-11D3-BF4B-00C04F79EFBC}") = "AulaX1.Android", "AulaX1\AulaX1.Android\AulaX1.Android.csproj", "{0E3362B3-2390-4507-8FF1-8D200A914390}"
EndProject
Project("{FAE04EC0-301F-11D3-BF4B-00C04F79EFBC}") = "AulaX1", "AulaX1\AulaX1\AulaX1.csproj", "{294DDFB0-415F-42F7-86B1-5319B8D0DD85}"
EndProject
Global
	GlobalSection(SolutionConfigurationPlatforms) = preSolution
		Debug|Any CPU = Debug|Any CPU
		Debug|ARM = Debug|ARM
		Debug|x64 = Debug|x64
		Debug|x86 = Debug|x86
		Release|Any CPU = Release|Any CPU
		Release|ARM = Release|ARM
		Release|x64 = Release|x64
		Release|x86 = Release|x86
	EndGlobalSection
	GlobalSection(ProjectConfigurationPlatforms) = postSolution
		{DCBB42D5-A6B3-414E-8383-F803C6AB4FB6}.Debug|Any CPU.ActiveCfg = Debug|x86
		{DCBB42D5-A6B3-414E-8383-F803C6AB4FB6}.Debug|Any CPU.Build.0 = Debug|x86
		{DCBB42D5-A6B3-414E-8383-F803C6AB4FB6}.Debug|Any CPU.Deploy.0 = Debug|x86
		{DCBB42D5-A6B3-414E-8383-F803C6AB4FB6}.Debug|ARM.ActiveCfg = Debug|ARM
		{DCBB42D5-A6B3-414E-8383-F803C6AB4FB6}.Debug|ARM.Build.0 = Debug|ARM
		{DCBB42D5-A6B3-414E-8383-F803C6AB4FB6}.Debug|ARM.Deploy.0 = Debug|ARM
		{DCBB42D5-A6B3-414E-8383-F803C6AB4FB6}.Debug|x64.ActiveCfg = Debug|x64
		{DCBB42D5-A6B3-414E-8383-F803C6AB4FB6}.Debug|x64.Build.0 = Debug|x64
		{DCBB42D5-A6B3-414E-8383-F803C6AB4FB6}.Debug|x64.Deploy.0 = Debug|x64
		{DCBB42D5-A6B3-414E-8383-F803C6AB4FB6}.Debug|x86.ActiveCfg = Debug|x86
		{DCBB42D5-A6B3-414E-8383-F803C6AB4FB6}.Debug|x86.Build.0 = Debug|x86
		{DCBB42D5-A6B3-414E-8383-F803C6AB4FB6}.Debug|x86.Deploy.0 = Debug|x86
		{DCBB42D5-A6B3-414E-8383-F803C6AB4FB6}.Release|Any CPU.ActiveCfg = Release|x86
		{DCBB42D5-A6B3-414E-8383-F803C6AB4FB6}.Release|Any CPU.Build.0 = Release|x86
		{DCBB42D5-A6B3-414E-8383-F803C6AB4FB6}.Release|Any CPU.Deploy.0 = Release|x86
		{DCBB42D5-A6B3-414E-8383-F803C6AB4FB6}.Release|ARM.ActiveCfg = Release|ARM
		{DCBB42D5-A6B3-414E-8383-F803C6AB4FB6}.Release|ARM.Build.0 = Release|ARM
		{DCBB42D5-A6B3-414E-8383-F803C6AB4FB6}.Release|ARM.Deploy.0 = Release|ARM
		{DCBB42D5-A6B3-414E-8383-F803C6AB4FB6}.Release|x64.ActiveCfg = Release|x64
		{DCBB42D5-A6B3-414E-8383-F803C6AB4FB6}.Release|x64.Build.0 = Release|x64
		{DCBB42D5-A6B3-414E-8383-F803C6AB4FB6}.Release|x64.Deploy.0 = Release|x64
		{DCBB42D5-A6B3-414E-8383-F803C6AB4FB6}.Release|x86.ActiveCfg = Release|x86
		{DCBB42D5-A6B3-414E-8383-F803C6AB4FB6}.Release|x86.Build.0 = Release|x86
		{DCBB42D5-A6B3-414E-8383-F803C6AB4FB6}.Release|x86.Deploy.0 = Release|x86
		{0E3362B3-2390-4507-8FF1-8D200A914390}.Debug|Any CPU.ActiveCfg = Debug|Any CPU
		{0E3362B3-2390-4507-8FF1-8D200A914390}.Debug|Any CPU.Build.0 = Debug|Any CPU
		{0E3362B3-2390-4507-8FF1-8D200A914390}.Debug|Any CPU.Deploy.0 = Debug|Any CPU
		{0E3362B3-2390-4507-8FF1-8D200A914390}.Debug|ARM.ActiveCfg = Debug|Any CPU
		{0E3362B3-2390-4507-8FF1-8D200A914390}.Debug|ARM.Build.0 = Debug|Any CPU
		{0E3362B3-2390-4507-8FF1-8D200A914390}.Debug|ARM.Deploy.0 = Debug|Any CPU
		{0E3362B3-2390-4507-8FF1-8D200A914390}.Debug|x64.ActiveCfg = Debug|Any CPU
		{0E3362B3-2390-4507-8FF1-8D200A914390}.Debug|x64.Build.0 = Debug|Any CPU
		{0E3362B3-2390-4507-8FF1-8D200A914390}.Debug|x64.Deploy.0 = Debug|Any CPU
		{0E3362B3-2390-4507-8FF1-8D200A914390}.Debug|x86.ActiveCfg = Debug|Any CPU
		{0E3362B3-2390-4507-8FF1-8D200A914390}.Debug|x86.Build.0 = Debug|Any CPU
		{0E3362B3-2390-4507-8FF1-8D200A914390}.Debug|x86.Deploy.0 = Debug|Any CPU
		{0E3362B3-2390-4507-8FF1-8D200A914390}.Release|Any CPU.ActiveCfg = Release|Any CPU
		{0E3362B3-2390-4507-8FF1-8D200A914390}.Release|Any CPU.Build.0 = Release|Any CPU
		{0E3362B3-2390-4507-8FF1-8D200A914390}.Release|Any CPU.Deploy.0 = Release|Any CPU
		{0E3362B3-2390-4507-8FF1-8D200A914390}.Release|ARM.ActiveCfg = Release|Any CPU
		{0E3362B3-2390-4507-8FF1-8D200A914390}.Release|ARM.Build.0 = Release|Any CPU
		{0E3362B3-2390-4507-8FF1-8D200A914390}.Release|ARM.Deploy.0 = Release|Any CPU
		{0E3362B3-2390-4507-8FF1-8D200A914390}.Release|x64.ActiveCfg = Release|Any CPU
		{0E3362B3-2390-4507-8FF1-8D200A914390}.Release|x64.Build.0 = Release|Any CPU
		{0E3362B3-2390-4507-8FF1-8D200A914390}.Release|x64.Deploy.0 = Release|Any CPU
		{0E3362B3-2390-4507-8FF1-8D200A914390}.Release|x86.ActiveCfg = Release|Any CPU
		{0E3362B3-2390-4507-8FF1-8D200A914390}.Release|x86.Build.0 = Release|Any CPU
		{0E3362B3-2390-4507-8FF1-8D200A914390}.Release|x86.Deploy.0 = Release|Any CPU
		{294DDFB0-415F-42F7-86B1-5319B8D0DD85}.Debug|Any CPU.ActiveCfg = Debug|Any CPU
		{294DDFB0-415F-42F7-86B1-5319B8D0DD85}.Debug|Any CPU.Build.0 = Debug|Any CPU
		{294DDFB0-415F-42F7-86B1-5319B8D0DD85}.Debug|Any CPU.Deploy.0 = Debug|Any CPU
		{294DDFB0-415F-42F7-86B1-5319B8D0DD85}.Debug|ARM.ActiveCfg = Debug|Any CPU
		{294DDFB0-415F-42F7-86B1-5319B8D0DD85}.Debug|ARM.Build.0 = Debug|Any CPU
		{294DDFB0-415F-42F7-86B1-5319B8D0DD85}.Debug|ARM.Deploy.0 = Debug|Any CPU
		{294DDFB0-415F-42F7-86B1-5319B8D0DD85}.Debug|x64.ActiveCfg = Debug|Any CPU
		{294DDFB0-415F-42F7-86B1-5319B8D0DD85}.Debug|x64.Build.0 = Debug|Any CPU
		{294DDFB0-415F-42F7-86B1-5319B8D0DD85}.Debug|x64.Deploy.0 = Debug|Any CPU
		{294DDFB0-415F-42F7-86B1-5319B8D0DD85}.Debug|x86.ActiveCfg = Debug|Any CPU
		{294DDFB0-415F-42F7-86B1-5319B8D0DD85}.Debug|x86.Build.0 = Debug|Any CPU
		{294DDFB0-415F-42F7-86B1-5319B8D0DD85}.Debug|x86.Deploy.0 = Debug|Any CPU
		{294DDFB0-415F-42F7-86B1-5319B8D0DD85}.Release|Any CPU.ActiveCfg = Release|Any CPU
		{294DDFB0-415F-42F7-86B1-5319B8D0DD85}.Release|Any CPU.Build.0 = Release|Any CPU
		{294DDFB0-415F-42F7-86B1-5319B8D0DD85}.Release|Any CPU.Deploy.0 = Release|Any CPU
		{294DDFB0-415F-42F7-86B1-5319B8D0DD85}.Release|ARM.ActiveCfg = Release|Any CPU
		{294DDFB0-415F-42F7-86B1-5319B8D0DD85}.Release|ARM.Build.0 = Release|Any CPU
		{294DDFB0-415F-42F7-86B1-5319B8D0DD85}.Release|ARM.Deploy.0 = Release|Any CPU
		{294DDFB0-415F-42F7-86B1-5319B8D0DD85}.Release|x64.ActiveCfg = Release|Any CPU
		{294DDFB0-415F-42F7-86B1-5319B8D0DD85}.Release|x64.Build.0 = Release|Any CPU
		{294DDFB0-415F-42F7-86B1-5319B8D0DD85}.Release|x64.Deploy.0 = Release|Any CPU
		{294DDFB0-415F-42F7-86B1-5319B8D0DD85}.Release|x86.ActiveCfg = Release|Any CPU
		{294DDFB0-415F-42F7-86B1-5319B8D0DD85}.Release|x86.Build.0 = Release|Any CPU
		{294DDFB0-415F-42F7-86B1-5319B8D0DD85}.Release|x86.Deploy.0 = Release|Any CPU
	EndGlobalSection
	GlobalSection(SolutionProperties) = preSolution
		HideSolutionNode = FALSE
	EndGlobalSection
	GlobalSection(ExtensibilityGlobals) = postSolution
		SolutionGuid = {3CDBA84B-B1F0-42A0-86F6-127BFEE36A7B}
	EndGlobalSection
EndGlobal
